
Microsoft Visual Studio Solution File, Format Version 12.00
# Visual Studio Version 16
VisualStudioVersion = 16.0.30711.63
MinimumVisualStudioVersion = 10.0.40219.1
Project("{FAE04EC0-301F-11D3-BF4B-00C04F79EFBC}") = "BSMP", "BSMP\BSMP.csproj", "{F576C171-14E9-43D6-B75D-37D129BF8187}"
EndProject
Global
	GlobalSection(SolutionConfigurationPlatforms) = preSolution
		Debug|Any CPU = Debug|Any CPU
		Release|Any CPU = Release|Any CPU
	EndGlobalSection
	GlobalSection(ProjectConfigurationPlatforms) = postSolution
		{F576C171-14E9-43D6-B75D-37D129BF8187}.Debug|Any CPU.ActiveCfg = Debug|Any CPU
		{F576C171-14E9-43D6-B75D-37D129BF8187}.Debug|Any CPU.Build.0 = Debug|Any CPU
		{F576C171-14E9-43D6-B75D-37D129BF8187}.Release|Any CPU.ActiveCfg = Release|Any CPU
		{F576C171-14E9-43D6-B75D-37D129BF8187}.Release|Any CPU.Build.0 = Release|Any CPU
	EndGlobalSection
	GlobalSection(SolutionProperties) = preSolution
		HideSolutionNode = FALSE
	EndGlobalSection
	GlobalSection(ExtensibilityGlobals) = postSolution
		SolutionGuid = {C0C3597A-B57F-49D1-ACF7-FB2088FC486C}
	EndGlobalSection
EndGlobal
